
Microsoft Visual Studio Solution File, Format Version 12.00
# Visual Studio 15
VisualStudioVersion = 15.0.28307.168
MinimumVisualStudioVersion = 10.0.40219.1
Project("{FAE04EC0-301F-11D3-BF4B-00C04F79EFBC}") = "SnakeConsole", "SnakeConsole\SnakeConsole.csproj", "{59320634-EC2B-4821-A533-0726828AACA2}"
EndProject
Global
	GlobalSection(SolutionConfigurationPlatforms) = preSolution
		Debug|Any CPU = Debug|Any CPU
		Release|Any CPU = Release|Any CPU
	EndGlobalSection
	GlobalSection(ProjectConfigurationPlatforms) = postSolution
		{59320634-EC2B-4821-A533-0726828AACA2}.Debug|Any CPU.ActiveCfg = Debug|Any CPU
		{59320634-EC2B-4821-A533-0726828AACA2}.Debug|Any CPU.Build.0 = Debug|Any CPU
		{59320634-EC2B-4821-A533-0726828AACA2}.Release|Any CPU.ActiveCfg = Release|Any CPU
		{59320634-EC2B-4821-A533-0726828AACA2}.Release|Any CPU.Build.0 = Release|Any CPU
	EndGlobalSection
	GlobalSection(SolutionProperties) = preSolution
		HideSolutionNode = FALSE
	EndGlobalSection
	GlobalSection(ExtensibilityGlobals) = postSolution
		SolutionGuid = {C0159ADD-8627-4067-9015-0770908BE2D8}
	EndGlobalSection
EndGlobal
